{
  "name": "spacetimehackathon-quality-gates",
  "version": "0.0.0",
  "lockfileVersion": 3,
  "requires": true,
  "packages": {
    "": {
      "name": "spacetimehackathon-quality-gates",
      "version": "0.0.0",
      "engines": {
        "node": ">=20"
      }
    },
    "client": {
      "extraneous": true
    },
    "orchestrator": {
      "extraneous": true
    },
    "server": {
      "extraneous": true
    }
  }
}
